Microsoft Visual Studio Solution File, Format Version 12.00
# Visual Studio Version 17
VisualStudioVersion = 17.5.2.0
MinimumVisualStudioVersion = 10.0.40219.1
Project("{2150E333-8FDC-42A3-9474-1A3956D46DE8}") = "pages", "pages", "{3A75349E-4B8D-58F7-3C7C-F3B12F44D210}"
EndProject
Project("{FAE04EC0-301F-11D3-BF4B-00C04F79EFBC}") = "pages.Server", "pages\pages.Server\pages.Server.csproj", "{895D5AF8-E5AE-652B-D87F-AF26BD51A6A9}"
EndProject
Global
	GlobalSection(SolutionConfigurationPlatforms) = preSolution
		Debug|Any CPU = Debug|Any CPU
		Release|Any CPU = Release|Any CPU
	EndGlobalSection
	GlobalSection(ProjectConfigurationPlatforms) = postSolution
		{895D5AF8-E5AE-652B-D87F-AF26BD51A6A9}.Debug|Any CPU.ActiveCfg = Debug|Any CPU
		{895D5AF8-E5AE-652B-D87F-AF26BD51A6A9}.Debug|Any CPU.Build.0 = Debug|Any CPU
		{895D5AF8-E5AE-652B-D87F-AF26BD51A6A9}.Release|Any CPU.ActiveCfg = Release|Any CPU
		{895D5AF8-E5AE-652B-D87F-AF26BD51A6A9}.Release|Any CPU.Build.0 = Release|Any CPU
	EndGlobalSection
	GlobalSection(SolutionProperties) = preSolution
		HideSolutionNode = FALSE
	EndGlobalSection
	GlobalSection(NestedProjects) = preSolution
		{895D5AF8-E5AE-652B-D87F-AF26BD51A6A9} = {3A75349E-4B8D-58F7-3C7C-F3B12F44D210}
	EndGlobalSection
	GlobalSection(ExtensibilityGlobals) = postSolution
		SolutionGuid = {C3EDA427-CFD1-4181-8AB3-282FD9C5BC8A}
	EndGlobalSection
EndGlobal
